// !$*UTF8*$!
{
	archiveVersion = 1;
	classes = {
	};
	objectVersion = 56;
	objects = {

/* Begin PBXBuildFile section */
		2E409CC329706B23005534DF /* AppDelegate.swift in Sources */ = {isa = PBXBuildFile; fileRef = 2E409CC229706B23005534DF /* AppDelegate.swift */; };
		2E409CC529706B23005534DF /* SceneDelegate.swift in Sources */ = {isa = PBXBuildFile; fileRef = 2E409CC429706B23005534DF /* SceneDelegate.swift */; };
		2E409CC729706B23005534DF /* ViewController.swift in Sources */ = {isa = PBXBuildFile; fileRef = 2E409CC629706B23005534DF /* ViewController.swift */; };
		2E409CCA29706B23005534DF /* Main.storyboard in Resources */ = {isa = PBXBuildFile; fileRef = 2E409CC829706B23005534DF /* Main.storyboard */; };
		2E409CCD29706B23005534DF /* SimpraIOSBootcampProject.xcdatamodeld in Sources */ = {isa = PBXBuildFile; fileRef = 2E409CCB29706B23005534DF /* SimpraIOSBootcampProject.xcdatamodeld */; };
		2E409CCF29706B24005534DF /* Assets.xcassets in Resources */ = {isa = PBXBuildFile; fileRef = 2E409CCE29706B24005534DF /* Assets.xcassets */; };
		2E409CD229706B24005534DF /* LaunchScreen.storyboard in Resources */ = {isa = PBXBuildFile; fileRef = 2E409CD029706B24005534DF /* LaunchScreen.storyboard */; };
		2E409CDA29713F82005534DF /* BaseTabBarController.swift in Sources */ = {isa = PBXBuildFile; fileRef = 2E409CD929713F82005534DF /* BaseTabBarController.swift */; };
		2E409CDD2971596A005534DF /* GamesSearchController.swift in Sources */ = {isa = PBXBuildFile; fileRef = 2E409CDC2971596A005534DF /* GamesSearchController.swift */; };
		2E409CE22971622B005534DF /* SearchResultCell.swift in Sources */ = {isa = PBXBuildFile; fileRef = 2E409CE12971622B005534DF /* SearchResultCell.swift */; };
		2E409CE529716CF0005534DF /* UIView+Layout.swift in Sources */ = {isa = PBXBuildFile; fileRef = 2E409CE429716CF0005534DF /* UIView+Layout.swift */; };
		2E409CE72971783B005534DF /* VerticalStackView.swift in Sources */ = {isa = PBXBuildFile; fileRef = 2E409CE62971783B005534DF /* VerticalStackView.swift */; };
/* End PBXBuildFile section */

/* Begin PBXFileReference section */
		2E409CBF29706B23005534DF /* SimpraIOSBootcampProject.app */ = {isa = PBXFileReference; explicitFileType = wrapper.application; includeInIndex = 0; path = SimpraIOSBootcampProject.app; sourceTree = BUILT_PRODUCTS_DIR; };
		2E409CC229706B23005534DF /* AppDelegate.swift */ = {isa = PBXFileReference; lastKnownFileType = sourcecode.swift; path = AppDelegate.swift; sourceTree = "<group>"; };
		2E409CC429706B23005534DF /* SceneDelegate.swift */ = {isa = PBXFileReference; lastKnownFileType = sourcecode.swift; path = SceneDelegate.swift; sourceTree = "<group>"; };
		2E409CC629706B23005534DF /* ViewController.swift */ = {isa = PBXFileReference; lastKnownFileType = sourcecode.swift; path = ViewController.swift; sourceTree = "<group>"; };
		2E409CC929706B23005534DF /* Base */ = {isa = PBXFileReference; lastKnownFileType = file.storyboard; name = Base; path = Base.lproj/Main.storyboard; sourceTree = "<group>"; };
		2E409CCC29706B23005534DF /* SimpraIOSBootcampProject.xcdatamodel */ = {isa = PBXFileReference; lastKnownFileType = wrapper.xcdatamodel; path = SimpraIOSBootcampProject.xcdatamodel; sourceTree = "<group>"; };
		2E409CCE29706B24005534DF /* Assets.xcassets */ = {isa = PBXFileReference; lastKnownFileType = folder.assetcatalog; path = Assets.xcassets; sourceTree = "<group>"; };
		2E409CD129706B24005534DF /* Base */ = {isa = PBXFileReference; lastKnownFileType = file.storyboard; name = Base; path = Base.lproj/LaunchScreen.storyboard; sourceTree = "<group>"; };
		2E409CD329706B24005534DF /* Info.plist */ = {isa = PBXFileReference; lastKnownFileType = text.plist.xml; path = Info.plist; sourceTree = "<group>"; };
		2E409CD929713F82005534DF /* BaseTabBarController.swift */ = {isa = PBXFileReference; lastKnownFileType = sourcecode.swift; path = BaseTabBarController.swift; sourceTree = "<group>"; };
		2E409CDC2971596A005534DF /* GamesSearchController.swift */ = {isa = PBXFileReference; lastKnownFileType = sourcecode.swift; path = GamesSearchController.swift; sourceTree = "<group>"; };
		2E409CE12971622B005534DF /* SearchResultCell.swift */ = {isa = PBXFileReference; lastKnownFileType = sourcecode.swift; path = SearchResultCell.swift; sourceTree = "<group>"; };
		2E409CE429716CF0005534DF /* UIView+Layout.swift */ = {isa = PBXFileReference; fileEncoding = 4; lastKnownFileType = sourcecode.swift; path = "UIView+Layout.swift"; sourceTree = "<group>"; };
		2E409CE62971783B005534DF /* VerticalStackView.swift */ = {isa = PBXFileReference; lastKnownFileType = sourcecode.swift; path = VerticalStackView.swift; sourceTree = "<group>"; };
/* End PBXFileReference section */

/* Begin PBXFrameworksBuildPhase section */
		2E409CBC29706B23005534DF /* Frameworks */ = {
			isa = PBXFrameworksBuildPhase;
			buildActionMask = 2147483647;
			files = (
			);
			runOnlyForDeploymentPostprocessing = 0;
		};
/* End PBXFrameworksBuildPhase section */

/* Begin PBXGroup section */
		2E409CB629706B23005534DF = {
			isa = PBXGroup;
			children = (
				2E409CC129706B23005534DF /* SimpraIOSBootcampProject */,
				2E409CC029706B23005534DF /* Products */,
			);
			sourceTree = "<group>";
		};
		2E409CC029706B23005534DF /* Products */ = {
			isa = PBXGroup;
			children = (
				2E409CBF29706B23005534DF /* SimpraIOSBootcampProject.app */,
			);
			name = Products;
			sourceTree = "<group>";
		};
		2E409CC129706B23005534DF /* SimpraIOSBootcampProject */ = {
			isa = PBXGroup;
			children = (
				2E409CE329716C5B005534DF /* Helpers */,
				2E409CDE297161DF005534DF /* Views */,
				2E409CDB2971592C005534DF /* Controller */,
				2E409CC229706B23005534DF /* AppDelegate.swift */,
				2E409CC429706B23005534DF /* SceneDelegate.swift */,
				2E409CC629706B23005534DF /* ViewController.swift */,
				2E409CC829706B23005534DF /* Main.storyboard */,
				2E409CCE29706B24005534DF /* Assets.xcassets */,
				2E409CD029706B24005534DF /* LaunchScreen.storyboard */,
				2E409CD329706B24005534DF /* Info.plist */,
				2E409CCB29706B23005534DF /* SimpraIOSBootcampProject.xcdatamodeld */,
			);
			path = SimpraIOSBootcampProject;
			sourceTree = "<group>";
		};
		2E409CDB2971592C005534DF /* Controller */ = {
			isa = PBXGroup;
			children = (
				2E409CDC2971596A005534DF /* GamesSearchController.swift */,
				2E409CD929713F82005534DF /* BaseTabBarController.swift */,
			);
			path = Controller;
			sourceTree = "<group>";
		};
		2E409CDE297161DF005534DF /* Views */ = {
			isa = PBXGroup;
			children = (
				2E409CE12971622B005534DF /* SearchResultCell.swift */,
			);
			path = Views;
			sourceTree = "<group>";
		};
		2E409CE329716C5B005534DF /* Helpers */ = {
			isa = PBXGroup;
			children = (
				2E409CE429716CF0005534DF /* UIView+Layout.swift */,
				2E409CE62971783B005534DF /* VerticalStackView.swift */,
			);
			path = Helpers;
			sourceTree = "<group>";
		};
/* End PBXGroup section */

/* Begin PBXNativeTarget section */
		2E409CBE29706B23005534DF /* SimpraIOSBootcampProject */ = {
			isa = PBXNativeTarget;
			buildConfigurationList = 2E409CD629706B24005534DF /* Build configuration list for PBXNativeTarget "SimpraIOSBootcampProject" */;
			buildPhases = (
				2E409CBB29706B23005534DF /* Sources */,
				2E409CBC29706B23005534DF /* Frameworks */,
				2E409CBD29706B23005534DF /* Resources */,
			);
			buildRules = (
			);
			dependencies = (
			);
			name = SimpraIOSBootcampProject;
			productName = SimpraIOSBootcampProject;
			productReference = 2E409CBF29706B23005534DF /* SimpraIOSBootcampProject.app */;
			productType = "com.apple.product-type.application";
		};
/* End PBXNativeTarget section */

/* Begin PBXProject section */
		2E409CB729706B23005534DF /* Project object */ = {
			isa = PBXProject;
			attributes = {
				BuildIndependentTargetsInParallel = 1;
				LastSwiftUpdateCheck = 1420;
				LastUpgradeCheck = 1420;
				TargetAttributes = {
					2E409CBE29706B23005534DF = {
						CreatedOnToolsVersion = 14.2;
					};
				};
			};
			buildConfigurationList = 2E409CBA29706B23005534DF /* Build configuration list for PBXProject "SimpraIOSBootcampProject" */;
			compatibilityVersion = "Xcode 14.0";
			developmentRegion = en;
			hasScannedForEncodings = 0;
			knownRegions = (
				en,
				Base,
			);
			mainGroup = 2E409CB629706B23005534DF;
			productRefGroup = 2E409CC029706B23005534DF /* Products */;
			projectDirPath = "";
			projectRoot = "";
			targets = (
				2E409CBE29706B23005534DF /* SimpraIOSBootcampProject */,
			);
		};
/* End PBXProject section */

/* Begin PBXResourcesBuildPhase section */
		2E409CBD29706B23005534DF /* Resources */ = {
			isa = PBXResourcesBuildPhase;
			buildActionMask = 2147483647;
			files = (
				2E409CD229706B24005534DF /* LaunchScreen.storyboard in Resources */,
				2E409CCF29706B24005534DF /* Assets.xcassets in Resources */,
				2E409CCA29706B23005534DF /* Main.storyboard in Resources */,
			);
			runOnlyForDeploymentPostprocessing = 0;
		};
/* End PBXResourcesBuildPhase section */

/* Begin PBXSourcesBuildPhase section */
		2E409CBB29706B23005534DF /* Sources */ = {
			isa = PBXSourcesBuildPhase;
			buildActionMask = 2147483647;
			files = (
				2E409CE529716CF0005534DF /* UIView+Layout.swift in Sources */,
				2E409CE72971783B005534DF /* VerticalStackView.swift in Sources */,
				2E409CE22971622B005534DF /* SearchResultCell.swift in Sources */,
				2E409CCD29706B23005534DF /* SimpraIOSBootcampProject.xcdatamodeld in Sources */,
				2E409CDD2971596A005534DF /* GamesSearchController.swift in Sources */,
				2E409CC729706B23005534DF /* ViewController.swift in Sources */,
				2E409CDA29713F82005534DF /* BaseTabBarController.swift in Sources */,
				2E409CC329706B23005534DF /* AppDelegate.swift in Sources */,
				2E409CC529706B23005534DF /* SceneDelegate.swift in Sources */,
			);
			runOnlyForDeploymentPostprocessing = 0;
		};
/* End PBXSourcesBuildPhase section */

/* Begin PBXVariantGroup section */
		2E409CC829706B23005534DF /* Main.storyboard */ = {
			isa = PBXVariantGroup;
			children = (
				2E409CC929706B23005534DF /* Base */,
			);
			name = Main.storyboard;
			sourceTree = "<group>";
		};
		2E409CD029706B24005534DF /* LaunchScreen.storyboard */ = {
			isa = PBXVariantGroup;
			children = (
				2E409CD129706B24005534DF /* Base */,
			);
			name = LaunchScreen.storyboard;
			sourceTree = "<group>";
		};
/* End PBXVariantGroup section */

/* Begin XCBuildConfiguration section */
		2E409CD429706B24005534DF /* Debug */ = {
			isa = XCBuildConfiguration;
			buildSettings = {
				ALWAYS_SEARCH_USER_PATHS = NO;
				CLANG_ANALYZER_NONNULL = YES;
				CLANG_ANALYZER_NUMBER_OBJECT_CONVERSION = YES_AGGRESSIVE;
				CLANG_CXX_LANGUAGE_STANDARD = "gnu++20";
				CLANG_ENABLE_MODULES = YES;
				CLANG_ENABLE_OBJC_ARC = YES;
				CLANG_ENABLE_OBJC_WEAK = YES;
				CLANG_WARN_BLOCK_CAPTURE_AUTORELEASING = YES;
				CLANG_WARN_BOOL_CONVERSION = YES;
				CLANG_WARN_COMMA = YES;
				CLANG_WARN_CONSTANT_CONVERSION = YES;
				CLANG_WARN_DEPRECATED_OBJC_IMPLEMENTATIONS = YES;
				CLANG_WARN_DIRECT_OBJC_ISA_USAGE = YES_ERROR;
				CLANG_WARN_DOCUMENTATION_COMMENTS = YES;
				CLANG_WARN_EMPTY_BODY = YES;
				CLANG_WARN_ENUM_CONVERSION = YES;
				CLANG_WARN_INFINITE_RECURSION = YES;
				CLANG_WARN_INT_CONVERSION = YES;
				CLANG_WARN_NON_LITERAL_NULL_CONVERSION = YES;
				CLANG_WARN_OBJC_IMPLICIT_RETAIN_SELF = YES;
				CLANG_WARN_OBJC_LITERAL_CONVERSION = YES;
				CLANG_WARN_OBJC_ROOT_CLASS = YES_ERROR;
				CLANG_WARN_QUOTED_INCLUDE_IN_FRAMEWORK_HEADER = YES;
				CLANG_WARN_RANGE_LOOP_ANALYSIS = YES;
				CLANG_WARN_STRICT_PROTOTYPES = YES;
				CLANG_WARN_SUSPICIOUS_MOVE = YES;
				CLANG_WARN_UNGUARDED_AVAILABILITY = YES_AGGRESSIVE;
				CLANG_WARN_UNREACHABLE_CODE = YES;
				CLANG_WARN__DUPLICATE_METHOD_MATCH = YES;
				COPY_PHASE_STRIP = NO;
				DEBUG_INFORMATION_FORMAT = dwarf;
				ENABLE_STRICT_OBJC_MSGSEND = YES;
				ENABLE_TESTABILITY = YES;
				GCC_C_LANGUAGE_STANDARD = gnu11;
				GCC_DYNAMIC_NO_PIC = NO;
				GCC_NO_COMMON_BLOCKS = YES;
				GCC_OPTIMIZATION_LEVEL = 0;
				GCC_PREPROCESSOR_DEFINITIONS = (
					"DEBUG=1",
					"$(inherited)",
				);
				GCC_WARN_64_TO_32_BIT_CONVERSION = YES;
				GCC_WARN_ABOUT_RETURN_TYPE = YES_ERROR;
				GCC_WARN_UNDECLARED_SELECTOR = YES;
				GCC_WARN_UNINITIALIZED_AUTOS = YES_AGGRESSIVE;
				GCC_WARN_UNUSED_FUNCTION = YES;
				GCC_WARN_UNUSED_VARIABLE = YES;
				IPHONEOS_DEPLOYMENT_TARGET = 16.2;
				MTL_ENABLE_DEBUG_INFO = INCLUDE_SOURCE;
				MTL_FAST_MATH = YES;
				ONLY_ACTIVE_ARCH = YES;
				SDKROOT = iphoneos;
				SWIFT_ACTIVE_COMPILATION_CONDITIONS = DEBUG;
				SWIFT_OPTIMIZATION_LEVEL = "-Onone";
			};
			name = Debug;
		};
		2E409CD529706B24005534DF /* Release */ = {
			isa = XCBuildConfiguration;
			buildSettings = {
				ALWAYS_SEARCH_USER_PATHS = NO;
				CLANG_ANALYZER_NONNULL = YES;
				CLANG_ANALYZER_NUMBER_OBJECT_CONVERSION = YES_AGGRESSIVE;
				CLANG_CXX_LANGUAGE_STANDARD = "gnu++20";
				CLANG_ENABLE_MODULES = YES;
				CLANG_ENABLE_OBJC_ARC = YES;
				CLANG_ENABLE_OBJC_WEAK = YES;
				CLANG_WARN_BLOCK_CAPTURE_AUTORELEASING = YES;
				CLANG_WARN_BOOL_CONVERSION = YES;
				CLANG_WARN_COMMA = YES;
				CLANG_WARN_CONSTANT_CONVERSION = YES;
				CLANG_WARN_DEPRECATED_OBJC_IMPLEMENTATIONS = YES;
				CLANG_WARN_DIRECT_OBJC_ISA_USAGE = YES_ERROR;
				CLANG_WARN_DOCUMENTATION_COMMENTS = YES;
				CLANG_WARN_EMPTY_BODY = YES;
				CLANG_WARN_ENUM_CONVERSION = YES;
				CLANG_WARN_INFINITE_RECURSION = YES;
				CLANG_WARN_INT_CONVERSION = YES;
				CLANG_WARN_NON_LITERAL_NULL_CONVERSION = YES;
				CLANG_WARN_OBJC_IMPLICIT_RETAIN_SELF = YES;
				CLANG_WARN_OBJC_LITERAL_CONVERSION = YES;
				CLANG_WARN_OBJC_ROOT_CLASS = YES_ERROR;
				CLANG_WARN_QUOTED_INCLUDE_IN_FRAMEWORK_HEADER = YES;
				CLANG_WARN_RANGE_LOOP_ANALYSIS = YES;
				CLANG_WARN_STRICT_PROTOTYPES = YES;
				CLANG_WARN_SUSPICIOUS_MOVE = YES;
				CLANG_WARN_UNGUARDED_AVAILABILITY = YES_AGGRESSIVE;
				CLANG_WARN_UNREACHABLE_CODE = YES;
				CLANG_WARN__DUPLICATE_METHOD_MATCH = YES;
				COPY_PHASE_STRIP = NO;
				DEBUG_INFORMATION_FORMAT = "dwarf-with-dsym";
				ENABLE_NS_ASSERTIONS = NO;
				ENABLE_STRICT_OBJC_MSGSEND = YES;
				GCC_C_LANGUAGE_STANDARD = gnu11;
				GCC_NO_COMMON_BLOCKS = YES;
				GCC_WARN_64_TO_32_BIT_CONVERSION = YES;
				GCC_WARN_ABOUT_RETURN_TYPE = YES_ERROR;
				GCC_WARN_UNDECLARED_SELECTOR = YES;
				GCC_WARN_UNINITIALIZED_AUTOS = YES_AGGRESSIVE;
				GCC_WARN_UNUSED_FUNCTION = YES;
				GCC_WARN_UNUSED_VARIABLE = YES;
				IPHONEOS_DEPLOYMENT_TARGET = 16.2;
				MTL_ENABLE_DEBUG_INFO = NO;
				MTL_FAST_MATH = YES;
				SDKROOT = iphoneos;
				SWIFT_COMPILATION_MODE = wholemodule;
				SWIFT_OPTIMIZATION_LEVEL = "-O";
				VALIDATE_PRODUCT = YES;
			};
			name = Release;
		};
		2E409CD729706B24005534DF /* Debug */ = {
			isa = XCBuildConfiguration;
			buildSettings = {
				ASSETCATALOG_COMPILER_APPICON_NAME = AppIcon;
				ASSETCATALOG_COMPILER_GLOBAL_ACCENT_COLOR_NAME = AccentColor;
				CODE_SIGN_STYLE = Automatic;
				CURRENT_PROJECT_VERSION = 1;
				DEVELOPMENT_TEAM = 34GKX882TW;
				GENERATE_INFOPLIST_FILE = YES;
				INFOPLIST_FILE = SimpraIOSBootcampProject/Info.plist;
				INFOPLIST_KEY_UIApplicationSupportsIndirectInputEvents = YES;
				INFOPLIST_KEY_UILaunchStoryboardName = LaunchScreen;
				INFOPLIST_KEY_UIMainStoryboardFile = Main;
				INFOPLIST_KEY_UISupportedInterfaceOrientations_iPad = "UIInterfaceOrientationPortrait UIInterfaceOrientationPortraitUpsideDown UIInterfaceOrientationLandscapeLeft UIInterfaceOrientationLandscapeRight";
				INFOPLIST_KEY_UISupportedInterfaceOrientations_iPhone = "UIInterfaceOrientationPortrait UIInterfaceOrientationLandscapeLeft UIInterfaceOrientationLandscapeRight";
				LD_RUNPATH_SEARCH_PATHS = (
					"$(inherited)",
					"@executable_path/Frameworks",
				);
				MARKETING_VERSION = 1.0;
				PRODUCT_BUNDLE_IDENTIFIER = com.muhammedgul.SimpraIOSBootcampProject;
				PRODUCT_NAME = "$(TARGET_NAME)";
				SWIFT_EMIT_LOC_STRINGS = YES;
				SWIFT_VERSION = 5.0;
				TARGETED_DEVICE_FAMILY = "1,2";
			};
			name = Debug;
		};
		2E409CD829706B24005534DF /* Release */ = {
			isa = XCBuildConfiguration;
			buildSettings = {
				ASSETCATALOG_COMPILER_APPICON_NAME = AppIcon;
				ASSETCATALOG_COMPILER_GLOBAL_ACCENT_COLOR_NAME = AccentColor;
				CODE_SIGN_STYLE = Automatic;
				CURRENT_PROJECT_VERSION = 1;
				DEVELOPMENT_TEAM = 34GKX882TW;
				GENERATE_INFOPLIST_FILE = YES;
				INFOPLIST_FILE = SimpraIOSBootcampProject/Info.plist;
				INFOPLIST_KEY_UIApplicationSupportsIndirectInputEvents = YES;
				INFOPLIST_KEY_UILaunchStoryboardName = LaunchScreen;
				INFOPLIST_KEY_UIMainStoryboardFile = Main;
				INFOPLIST_KEY_UISupportedInterfaceOrientations_iPad = "UIInterfaceOrientationPortrait UIInterfaceOrientationPortraitUpsideDown UIInterfaceOrientationLandscapeLeft UIInterfaceOrientationLandscapeRight";
				INFOPLIST_KEY_UISupportedInterfaceOrientations_iPhone = "UIInterfaceOrientationPortrait UIInterfaceOrientationLandscapeLeft UIInterfaceOrientationLandscapeRight";
				LD_RUNPATH_SEARCH_PATHS = (
					"$(inherited)",
					"@executable_path/Frameworks",
				);
				MARKETING_VERSION = 1.0;
				PRODUCT_BUNDLE_IDENTIFIER = com.muhammedgul.SimpraIOSBootcampProject;
				PRODUCT_NAME = "$(TARGET_NAME)";
				SWIFT_EMIT_LOC_STRINGS = YES;
				SWIFT_VERSION = 5.0;
				TARGETED_DEVICE_FAMILY = "1,2";
			};
			name = Release;
		};
/* End XCBuildConfiguration section */

/* Begin XCConfigurationList section */
		2E409CBA29706B23005534DF /* Build configuration list for PBXProject "SimpraIOSBootcampProject" */ = {
			isa = XCConfigurationList;
			buildConfigurations = (
				2E409CD429706B24005534DF /* Debug */,
				2E409CD529706B24005534DF /* Release */,
			);
			defaultConfigurationIsVisible = 0;
			defaultConfigurationName = Release;
		};
		2E409CD629706B24005534DF /* Build configuration list for PBXNativeTarget "SimpraIOSBootcampProject" */ = {
			isa = XCConfigurationList;
			buildConfigurations = (
				2E409CD729706B24005534DF /* Debug */,
				2E409CD829706B24005534DF /* Release */,
			);
			defaultConfigurationIsVisible = 0;
			defaultConfigurationName = Release;
		};
/* End XCConfigurationList section */

/* Begin XCVersionGroup section */
		2E409CCB29706B23005534DF /* SimpraIOSBootcampProject.xcdatamodeld */ = {
			isa = XCVersionGroup;
			children = (
				2E409CCC29706B23005534DF /* SimpraIOSBootcampProject.xcdatamodel */,
			);
			currentVersion = 2E409CCC29706B23005534DF /* SimpraIOSBootcampProject.xcdatamodel */;
			path = SimpraIOSBootcampProject.xcdatamodeld;
			sourceTree = "<group>";
			versionGroupType = wrapper.xcdatamodel;
		};
/* End XCVersionGroup section */
	};
	rootObject = 2E409CB729706B23005534DF /* Project object */;
}
